
Microsoft Visual Studio Solution File, Format Version 12.00
# Visual Studio Version 16
VisualStudioVersion = 16.0.29911.84
MinimumVisualStudioVersion = 10.0.40219.1
Project("{FAE04EC0-301F-11D3-BF4B-00C04F79EFBC}") = "WpfApp1", "WpfApp1\WpfApp1.csproj", "{8E0BE2BA-D40C-4B83-AE93-D01F838702FF}"
EndProject
Global
	GlobalSection(SolutionConfigurationPlatforms) = preSolution
		Debug|Any CPU = Debug|Any CPU
		Release|Any CPU = Release|Any CPU
	EndGlobalSection
	GlobalSection(ProjectConfigurationPlatforms) = postSolution
		{8E0BE2BA-D40C-4B83-AE93-D01F838702FF}.Debug|Any CPU.ActiveCfg = Debug|Any CPU
		{8E0BE2BA-D40C-4B83-AE93-D01F838702FF}.Debug|Any CPU.Build.0 = Debug|Any CPU
		{8E0BE2BA-D40C-4B83-AE93-D01F838702FF}.Release|Any CPU.ActiveCfg = Release|Any CPU
		{8E0BE2BA-D40C-4B83-AE93-D01F838702FF}.Release|Any CPU.Build.0 = Release|Any CPU
	EndGlobalSection
	GlobalSection(SolutionProperties) = preSolution
		HideSolutionNode = FALSE
	EndGlobalSection
	GlobalSection(ExtensibilityGlobals) = postSolution
		SolutionGuid = {1D0611A7-3F2F-4E90-8EA2-13252EE22074}
	EndGlobalSection
EndGlobal
